
Microsoft Visual Studio Solution File, Format Version 12.00
# Visual Studio 14
VisualStudioVersion = 14.0.24720.0
MinimumVisualStudioVersion = 10.0.40219.1
Project("{FAE04EC0-301F-11D3-BF4B-00C04F79EFBC}") = "Tree", "Tree\Tree.csproj", "{8A73D37D-0673-49FC-8DD3-90EA79CBF0E6}"
EndProject
Project("{FAE04EC0-301F-11D3-BF4B-00C04F79EFBC}") = "Tests", "Tests\Tests.csproj", "{69043824-FB8E-4077-A6C8-6345913F36B4}"
EndProject
Project("{FAE04EC0-301F-11D3-BF4B-00C04F79EFBC}") = "Domain", "Domain\Domain.csproj", "{8F51C0F2-ABFF-4B69-B50A-A654245E2972}"
EndProject
Project("{FAE04EC0-301F-11D3-BF4B-00C04F79EFBC}") = "Application", "Application\Application.csproj", "{90E1EFCB-DB8A-4BC6-8592-006FD7ACF28E}"
EndProject
Project("{FAE04EC0-301F-11D3-BF4B-00C04F79EFBC}") = "Infrastructure", "Infrastructure\Infrastructure.csproj", "{2F11010E-3C3B-4624-9C80-F0B247905655}"
EndProject
Project("{FAE04EC0-301F-11D3-BF4B-00C04F79EFBC}") = "Common", "Common\Common.csproj", "{58E2A857-9386-4DE9-ACE9-69EDC3BD9BED}"
EndProject
Global
	GlobalSection(SolutionConfigurationPlatforms) = preSolution
		Debug|Any CPU = Debug|Any CPU
		Debug|ARM = Debug|ARM
		Debug|x64 = Debug|x64
		Debug|x86 = Debug|x86
		Release|Any CPU = Release|Any CPU
		Release|ARM = Release|ARM
		Release|x64 = Release|x64
		Release|x86 = Release|x86
	EndGlobalSection
	GlobalSection(ProjectConfigurationPlatforms) = postSolution
		{8A73D37D-0673-49FC-8DD3-90EA79CBF0E6}.Debug|Any CPU.ActiveCfg = Debug|Any CPU
		{8A73D37D-0673-49FC-8DD3-90EA79CBF0E6}.Debug|Any CPU.Build.0 = Debug|Any CPU
		{8A73D37D-0673-49FC-8DD3-90EA79CBF0E6}.Debug|ARM.ActiveCfg = Debug|Any CPU
		{8A73D37D-0673-49FC-8DD3-90EA79CBF0E6}.Debug|ARM.Build.0 = Debug|Any CPU
		{8A73D37D-0673-49FC-8DD3-90EA79CBF0E6}.Debug|x64.ActiveCfg = Debug|Any CPU
		{8A73D37D-0673-49FC-8DD3-90EA79CBF0E6}.Debug|x64.Build.0 = Debug|Any CPU
		{8A73D37D-0673-49FC-8DD3-90EA79CBF0E6}.Debug|x86.ActiveCfg = Debug|Any CPU
		{8A73D37D-0673-49FC-8DD3-90EA79CBF0E6}.Debug|x86.Build.0 = Debug|Any CPU
		{8A73D37D-0673-49FC-8DD3-90EA79CBF0E6}.Release|Any CPU.ActiveCfg = Release|Any CPU
		{8A73D37D-0673-49FC-8DD3-90EA79CBF0E6}.Release|Any CPU.Build.0 = Release|Any CPU
		{8A73D37D-0673-49FC-8DD3-90EA79CBF0E6}.Release|ARM.ActiveCfg = Release|Any CPU
		{8A73D37D-0673-49FC-8DD3-90EA79CBF0E6}.Release|ARM.Build.0 = Release|Any CPU
		{8A73D37D-0673-49FC-8DD3-90EA79CBF0E6}.Release|x64.ActiveCfg = Release|Any CPU
		{8A73D37D-0673-49FC-8DD3-90EA79CBF0E6}.Release|x64.Build.0 = Release|Any CPU
		{8A73D37D-0673-49FC-8DD3-90EA79CBF0E6}.Release|x86.ActiveCfg = Release|Any CPU
		{8A73D37D-0673-49FC-8DD3-90EA79CBF0E6}.Release|x86.Build.0 = Release|Any CPU
		{69043824-FB8E-4077-A6C8-6345913F36B4}.Debug|Any CPU.ActiveCfg = Debug|Any CPU
		{69043824-FB8E-4077-A6C8-6345913F36B4}.Debug|Any CPU.Build.0 = Debug|Any CPU
		{69043824-FB8E-4077-A6C8-6345913F36B4}.Debug|ARM.ActiveCfg = Debug|Any CPU
		{69043824-FB8E-4077-A6C8-6345913F36B4}.Debug|ARM.Build.0 = Debug|Any CPU
		{69043824-FB8E-4077-A6C8-6345913F36B4}.Debug|x64.ActiveCfg = Debug|Any CPU
		{69043824-FB8E-4077-A6C8-6345913F36B4}.Debug|x64.Build.0 = Debug|Any CPU
		{69043824-FB8E-4077-A6C8-6345913F36B4}.Debug|x86.ActiveCfg = Debug|Any CPU
		{69043824-FB8E-4077-A6C8-6345913F36B4}.Debug|x86.Build.0 = Debug|Any CPU
		{69043824-FB8E-4077-A6C8-6345913F36B4}.Release|Any CPU.ActiveCfg = Release|Any CPU
		{69043824-FB8E-4077-A6C8-6345913F36B4}.Release|Any CPU.Build.0 = Release|Any CPU
		{69043824-FB8E-4077-A6C8-6345913F36B4}.Release|ARM.ActiveCfg = Release|Any CPU
		{69043824-FB8E-4077-A6C8-6345913F36B4}.Release|ARM.Build.0 = Release|Any CPU
		{69043824-FB8E-4077-A6C8-6345913F36B4}.Release|x64.ActiveCfg = Release|Any CPU
		{69043824-FB8E-4077-A6C8-6345913F36B4}.Release|x64.Build.0 = Release|Any CPU
		{69043824-FB8E-4077-A6C8-6345913F36B4}.Release|x86.ActiveCfg = Release|Any CPU
		{69043824-FB8E-4077-A6C8-6345913F36B4}.Release|x86.Build.0 = Release|Any CPU
		{8F51C0F2-ABFF-4B69-B50A-A654245E2972}.Debug|Any CPU.ActiveCfg = Debug|Any CPU
		{8F51C0F2-ABFF-4B69-B50A-A654245E2972}.Debug|Any CPU.Build.0 = Debug|Any CPU
		{8F51C0F2-ABFF-4B69-B50A-A654245E2972}.Debug|ARM.ActiveCfg = Debug|Any CPU
		{8F51C0F2-ABFF-4B69-B50A-A654245E2972}.Debug|ARM.Build.0 = Debug|Any CPU
		{8F51C0F2-ABFF-4B69-B50A-A654245E2972}.Debug|x64.ActiveCfg = Debug|Any CPU
		{8F51C0F2-ABFF-4B69-B50A-A654245E2972}.Debug|x64.Build.0 = Debug|Any CPU
		{8F51C0F2-ABFF-4B69-B50A-A654245E2972}.Debug|x86.ActiveCfg = Debug|Any CPU
		{8F51C0F2-ABFF-4B69-B50A-A654245E2972}.Debug|x86.Build.0 = Debug|Any CPU
		{8F51C0F2-ABFF-4B69-B50A-A654245E2972}.Release|Any CPU.ActiveCfg = Release|Any CPU
		{8F51C0F2-ABFF-4B69-B50A-A654245E2972}.Release|Any CPU.Build.0 = Release|Any CPU
		{8F51C0F2-ABFF-4B69-B50A-A654245E2972}.Release|ARM.ActiveCfg = Release|Any CPU
		{8F51C0F2-ABFF-4B69-B50A-A654245E2972}.Release|ARM.Build.0 = Release|Any CPU
		{8F51C0F2-ABFF-4B69-B50A-A654245E2972}.Release|x64.ActiveCfg = Release|Any CPU
		{8F51C0F2-ABFF-4B69-B50A-A654245E2972}.Release|x64.Build.0 = Release|Any CPU
		{8F51C0F2-ABFF-4B69-B50A-A654245E2972}.Release|x86.ActiveCfg = Release|Any CPU
		{8F51C0F2-ABFF-4B69-B50A-A654245E2972}.Release|x86.Build.0 = Release|Any CPU
		{90E1EFCB-DB8A-4BC6-8592-006FD7ACF28E}.Debug|Any CPU.ActiveCfg = Debug|Any CPU
		{90E1EFCB-DB8A-4BC6-8592-006FD7ACF28E}.Debug|Any CPU.Build.0 = Debug|Any CPU
		{90E1EFCB-DB8A-4BC6-8592-006FD7ACF28E}.Debug|ARM.ActiveCfg = Debug|Any CPU
		{90E1EFCB-DB8A-4BC6-8592-006FD7ACF28E}.Debug|ARM.Build.0 = Debug|Any CPU
		{90E1EFCB-DB8A-4BC6-8592-006FD7ACF28E}.Debug|x64.ActiveCfg = Debug|Any CPU
		{90E1EFCB-DB8A-4BC6-8592-006FD7ACF28E}.Debug|x64.Build.0 = Debug|Any CPU
		{90E1EFCB-DB8A-4BC6-8592-006FD7ACF28E}.Debug|x86.ActiveCfg = Debug|Any CPU
		{90E1EFCB-DB8A-4BC6-8592-006FD7ACF28E}.Debug|x86.Build.0 = Debug|Any CPU
		{90E1EFCB-DB8A-4BC6-8592-006FD7ACF28E}.Release|Any CPU.ActiveCfg = Release|Any CPU
		{90E1EFCB-DB8A-4BC6-8592-006FD7ACF28E}.Release|Any CPU.Build.0 = Release|Any CPU
		{90E1EFCB-DB8A-4BC6-8592-006FD7ACF28E}.Release|ARM.ActiveCfg = Release|Any CPU
		{90E1EFCB-DB8A-4BC6-8592-006FD7ACF28E}.Release|ARM.Build.0 = Release|Any CPU
		{90E1EFCB-DB8A-4BC6-8592-006FD7ACF28E}.Release|x64.ActiveCfg = Release|Any CPU
		{90E1EFCB-DB8A-4BC6-8592-006FD7ACF28E}.Release|x64.Build.0 = Release|Any CPU
		{90E1EFCB-DB8A-4BC6-8592-006FD7ACF28E}.Release|x86.ActiveCfg = Release|Any CPU
		{90E1EFCB-DB8A-4BC6-8592-006FD7ACF28E}.Release|x86.Build.0 = Release|Any CPU
		{2F11010E-3C3B-4624-9C80-F0B247905655}.Debug|Any CPU.ActiveCfg = Debug|Any CPU
		{2F11010E-3C3B-4624-9C80-F0B247905655}.Debug|Any CPU.Build.0 = Debug|Any CPU
		{2F11010E-3C3B-4624-9C80-F0B247905655}.Debug|ARM.ActiveCfg = Debug|Any CPU
		{2F11010E-3C3B-4624-9C80-F0B247905655}.Debug|ARM.Build.0 = Debug|Any CPU
		{2F11010E-3C3B-4624-9C80-F0B247905655}.Debug|x64.ActiveCfg = Debug|Any CPU
		{2F11010E-3C3B-4624-9C80-F0B247905655}.Debug|x64.Build.0 = Debug|Any CPU
		{2F11010E-3C3B-4624-9C80-F0B247905655}.Debug|x86.ActiveCfg = Debug|Any CPU
		{2F11010E-3C3B-4624-9C80-F0B247905655}.Debug|x86.Build.0 = Debug|Any CPU
		{2F11010E-3C3B-4624-9C80-F0B247905655}.Release|Any CPU.ActiveCfg = Release|Any CPU
		{2F11010E-3C3B-4624-9C80-F0B247905655}.Release|Any CPU.Build.0 = Release|Any CPU
		{2F11010E-3C3B-4624-9C80-F0B247905655}.Release|ARM.ActiveCfg = Release|Any CPU
		{2F11010E-3C3B-4624-9C80-F0B247905655}.Release|ARM.Build.0 = Release|Any CPU
		{2F11010E-3C3B-4624-9C80-F0B247905655}.Release|x64.ActiveCfg = Release|Any CPU
		{2F11010E-3C3B-4624-9C80-F0B247905655}.Release|x64.Build.0 = Release|Any CPU
		{2F11010E-3C3B-4624-9C80-F0B247905655}.Release|x86.ActiveCfg = Release|Any CPU
		{2F11010E-3C3B-4624-9C80-F0B247905655}.Release|x86.Build.0 = Release|Any CPU
		{58E2A857-9386-4DE9-ACE9-69EDC3BD9BED}.Debug|Any CPU.ActiveCfg = Debug|Any CPU
		{58E2A857-9386-4DE9-ACE9-69EDC3BD9BED}.Debug|Any CPU.Build.0 = Debug|Any CPU
		{58E2A857-9386-4DE9-ACE9-69EDC3BD9BED}.Debug|ARM.ActiveCfg = Debug|Any CPU
		{58E2A857-9386-4DE9-ACE9-69EDC3BD9BED}.Debug|ARM.Build.0 = Debug|Any CPU
		{58E2A857-9386-4DE9-ACE9-69EDC3BD9BED}.Debug|x64.ActiveCfg = Debug|Any CPU
		{58E2A857-9386-4DE9-ACE9-69EDC3BD9BED}.Debug|x64.Build.0 = Debug|Any CPU
		{58E2A857-9386-4DE9-ACE9-69EDC3BD9BED}.Debug|x86.ActiveCfg = Debug|Any CPU
		{58E2A857-9386-4DE9-ACE9-69EDC3BD9BED}.Debug|x86.Build.0 = Debug|Any CPU
		{58E2A857-9386-4DE9-ACE9-69EDC3BD9BED}.Release|Any CPU.ActiveCfg = Release|Any CPU
		{58E2A857-9386-4DE9-ACE9-69EDC3BD9BED}.Release|Any CPU.Build.0 = Release|Any CPU
		{58E2A857-9386-4DE9-ACE9-69EDC3BD9BED}.Release|ARM.ActiveCfg = Release|Any CPU
		{58E2A857-9386-4DE9-ACE9-69EDC3BD9BED}.Release|ARM.Build.0 = Release|Any CPU
		{58E2A857-9386-4DE9-ACE9-69EDC3BD9BED}.Release|x64.ActiveCfg = Release|Any CPU
		{58E2A857-9386-4DE9-ACE9-69EDC3BD9BED}.Release|x64.Build.0 = Release|Any CPU
		{58E2A857-9386-4DE9-ACE9-69EDC3BD9BED}.Release|x86.ActiveCfg = Release|Any CPU
		{58E2A857-9386-4DE9-ACE9-69EDC3BD9BED}.Release|x86.Build.0 = Release|Any CPU
	EndGlobalSection
	GlobalSection(SolutionProperties) = preSolution
		HideSolutionNode = FALSE
	EndGlobalSection
EndGlobal
